
Microsoft Visual Studio Solution File, Format Version 12.00
# Visual Studio Version 17
VisualStudioVersion = 17.4.33213.308
MinimumVisualStudioVersion = 10.0.40219.1
Project("{FAE04EC0-301F-11D3-BF4B-00C04F79EFBC}") = "kelt-horoscope", "kelt-horoscope\kelt-horoscope.csproj", "{F690BCE7-EEA2-4066-A24E-B1ADBC9CDDA8}"
EndProject
Global
	GlobalSection(SolutionConfigurationPlatforms) = preSolution
		Debug|Any CPU = Debug|Any CPU
		Release|Any CPU = Release|Any CPU
	EndGlobalSection
	GlobalSection(ProjectConfigurationPlatforms) = postSolution
		{F690BCE7-EEA2-4066-A24E-B1ADBC9CDDA8}.Debug|Any CPU.ActiveCfg = Debug|Any CPU
		{F690BCE7-EEA2-4066-A24E-B1ADBC9CDDA8}.Debug|Any CPU.Build.0 = Debug|Any CPU
		{F690BCE7-EEA2-4066-A24E-B1ADBC9CDDA8}.Release|Any CPU.ActiveCfg = Release|Any CPU
		{F690BCE7-EEA2-4066-A24E-B1ADBC9CDDA8}.Release|Any CPU.Build.0 = Release|Any CPU
	EndGlobalSection
	GlobalSection(SolutionProperties) = preSolution
		HideSolutionNode = FALSE
	EndGlobalSection
	GlobalSection(ExtensibilityGlobals) = postSolution
		SolutionGuid = {CDB227E6-751B-40F4-8168-31785ACE802B}
	EndGlobalSection
EndGlobal
